# THIS IS AN AUTOGENERATED FILE. DO NOT EDIT THIS FILE DIRECTLY.
# yarn lockfile v1


"@jridgewell/gen-mapping@^0.3.5":
  version "0.3.5"
  resolved "https://registry.yarnpkg.com/@jridgewell/gen-mapping/-/gen-mapping-0.3.5.tgz#dcce6aff74bdf6dad1a95802b69b04a2fcb1fb36"
  integrity sha512-IzL8ZoEDIBRWEzlCcRhOaCupYyN5gdIK+Q6fbFdPDg6HqX6jpkItn7DFIpW9LQzXG6Df9sA7+OKnq0qlz/GaQg==
  dependencies:
    "@jridgewell/set-array" "^1.2.1"
    "@jridgewell/sourcemap-codec" "^1.4.10"
    "@jridgewell/trace-mapping" "^0.3.24"

"@jridgewell/resolve-uri@^3.1.0":
  version "3.1.2"
  resolved "https://registry.yarnpkg.com/@jridgewell/resolve-uri/-/resolve-uri-3.1.2.tgz#7a0ee601f60f99a20c7c7c5ff0c80388c1189bd6"
  integrity sha512-bRISgCIjP20/tbWSPWMEi54QVPRZExkuD9lJL+UIxUKtwVJA8wW1Trb1jMs1RFXo1CBTNZ/5hpC9QvmKWdopKw==

"@jridgewell/set-array@^1.2.1":
  version "1.2.1"
  resolved "https://registry.yarnpkg.com/@jridgewell/set-array/-/set-array-1.2.1.tgz#558fb6472ed16a4c850b889530e6b36438c49280"
  integrity sha512-R8gLRTZeyp03ymzP/6Lil/28tGeGEzhx1q2k703KGWRAI1VdvPIXdG70VJc2pAMw3NA6JKL5hhFu1sJX0Mnn/A==

"@jridgewell/source-map@^0.3.3":
  version "0.3.6"
  resolved "https://registry.yarnpkg.com/@jridgewell/source-map/-/source-map-0.3.6.tgz#9d71ca886e32502eb9362c9a74a46787c36df81a"
  integrity sha512-1ZJTZebgqllO79ue2bm3rIGud/bOe0pP5BjSRCRxxYkEZS8STV7zN84UBbiYu7jy+eCKSnVIUgoWWE/tt+shMQ==
  dependencies:
    "@jridgewell/gen-mapping" "^0.3.5"
    "@jridgewell/trace-mapping" "^0.3.25"

"@jridgewell/sourcemap-codec@^1.4.10", "@jridgewell/sourcemap-codec@^1.4.14":
  version "1.5.0"
  resolved "https://registry.yarnpkg.com/@jridgewell/sourcemap-codec/-/sourcemap-codec-1.5.0.tgz#3188bcb273a414b0d215fd22a58540b989b9409a"
  integrity sha512-gv3ZRaISU3fjPAgNsriBRqGWQL6quFx04YMPW/zD8XMLsU32mhCCbfbO6KZFLjvYpCZ8zyDEgqsgf+PwPaM7GQ==

"@jridgewell/trace-mapping@^0.3.24", "@jridgewell/trace-mapping@^0.3.25":
  version "0.3.25"
  resolved "https://registry.yarnpkg.com/@jridgewell/trace-mapping/-/trace-mapping-0.3.25.tgz#15f190e98895f3fc23276ee14bc76b675c2e50f0"
  integrity sha512-vNk6aEwybGtawWmy/PzwnGDOjCkLWSD2wqvjGGAgOAwCGWySYXfYoxt00IJkTF+8Lb57DwOb3Aa0o9CApepiYQ==
  dependencies:
    "@jridgewell/resolve-uri" "^3.1.0"
    "@jridgewell/sourcemap-codec" "^1.4.14"

"@rollup/plugin-terser@^0.4.4":
  version "0.4.4"
  resolved "https://registry.yarnpkg.com/@rollup/plugin-terser/-/plugin-terser-0.4.4.tgz#15dffdb3f73f121aa4fbb37e7ca6be9aeea91962"
  integrity sha512-XHeJC5Bgvs8LfukDwWZp7yeqin6ns8RTl2B9avbejt6tZqsqvVoWI7ZTQrcNsfKEDWBTnTxM8nMDkO2IFFbd0A==
  dependencies:
    serialize-javascript "^6.0.1"
    smob "^1.0.0"
    terser "^5.17.4"

"@rollup/plugin-typescript@^11.1.6":
  version "11.1.6"
  resolved "https://registry.yarnpkg.com/@rollup/plugin-typescript/-/plugin-typescript-11.1.6.tgz#724237d5ec12609ec01429f619d2a3e7d4d1b22b"
  integrity sha512-R92yOmIACgYdJ7dJ97p4K69I8gg6IEHt8M7dUBxN3W6nrO8uUxX5ixl0yU/N3aZTi8WhPuICvOHXQvF6FaykAA==
  dependencies:
    "@rollup/pluginutils" "^5.1.0"
    resolve "^1.22.1"

"@rollup/pluginutils@^5.1.0":
  version "5.1.0"
  resolved "https://registry.yarnpkg.com/@rollup/pluginutils/-/pluginutils-5.1.0.tgz#7e53eddc8c7f483a4ad0b94afb1f7f5fd3c771e0"
  integrity sha512-XTIWOPPcpvyKI6L1NHo0lFlCyznUEyPmPY1mc3KpPVDYulHSTvyeLNVW00QTLIAFNhR3kYnJTQHeGqU4M3n09g==
  dependencies:
    "@types/estree" "^1.0.0"
    estree-walker "^2.0.2"
    picomatch "^2.3.1"

"@rollup/rollup-android-arm-eabi@4.19.0":
  version "4.19.0"
  resolved "https://registry.yarnpkg.com/@rollup/rollup-android-arm-eabi/-/rollup-android-arm-eabi-4.19.0.tgz#3d9fd50164b94964f5de68c3c4ce61933b3a338d"
  integrity sha512-JlPfZ/C7yn5S5p0yKk7uhHTTnFlvTgLetl2VxqE518QgyM7C9bSfFTYvB/Q/ftkq0RIPY4ySxTz+/wKJ/dXC0w==

"@rollup/rollup-android-arm64@4.19.0":
  version "4.19.0"
  resolved "https://registry.yarnpkg.com/@rollup/rollup-android-arm64/-/rollup-android-arm64-4.19.0.tgz#e1a6d4bca2eb08c84fd996a4bf896ce4b6f4014c"
  integrity sha512-RDxUSY8D1tWYfn00DDi5myxKgOk6RvWPxhmWexcICt/MEC6yEMr4HNCu1sXXYLw8iAsg0D44NuU+qNq7zVWCrw==

"@rollup/rollup-darwin-arm64@4.19.0":
  version "4.19.0"
  resolved "https://registry.yarnpkg.com/@rollup/rollup-darwin-arm64/-/rollup-darwin-arm64-4.19.0.tgz#0a3fffea69489a24a96079af414b0be78df8abbc"
  integrity sha512-emvKHL4B15x6nlNTBMtIaC9tLPRpeA5jMvRLXVbl/W9Ie7HhkrE7KQjvgS9uxgatL1HmHWDXk5TTS4IaNJxbAA==

"@rollup/rollup-darwin-x64@4.19.0":
  version "4.19.0"
  resolved "https://registry.yarnpkg.com/@rollup/rollup-darwin-x64/-/rollup-darwin-x64-4.19.0.tgz#13fbdb15f58f090871b0ffff047ece06ad6ad74c"
  integrity sha512-fO28cWA1dC57qCd+D0rfLC4VPbh6EOJXrreBmFLWPGI9dpMlER2YwSPZzSGfq11XgcEpPukPTfEVFtw2q2nYJg==

"@rollup/rollup-linux-arm-gnueabihf@4.19.0":
  version "4.19.0"
  resolved "https://registry.yarnpkg.com/@rollup/rollup-linux-arm-gnueabihf/-/rollup-linux-arm-gnueabihf-4.19.0.tgz#e9d9219ddf6f6e946e2ee322198af12466d2c868"
  integrity sha512-2Rn36Ubxdv32NUcfm0wB1tgKqkQuft00PtM23VqLuCUR4N5jcNWDoV5iBC9jeGdgS38WK66ElncprqgMUOyomw==

"@rollup/rollup-linux-arm-musleabihf@4.19.0":
  version "4.19.0"
  resolved "https://registry.yarnpkg.com/@rollup/rollup-linux-arm-musleabihf/-/rollup-linux-arm-musleabihf-4.19.0.tgz#4ba804a00b5e793196a622f6977e05f23e01f59a"
  integrity sha512-gJuzIVdq/X1ZA2bHeCGCISe0VWqCoNT8BvkQ+BfsixXwTOndhtLUpOg0A1Fcx/+eA6ei6rMBzlOz4JzmiDw7JQ==

"@rollup/rollup-linux-arm64-gnu@4.19.0":
  version "4.19.0"
  resolved "https://registry.yarnpkg.com/@rollup/rollup-linux-arm64-gnu/-/rollup-linux-arm64-gnu-4.19.0.tgz#d871e3f41de759a6db27fc99235b782ba47c15cc"
  integrity sha512-0EkX2HYPkSADo9cfeGFoQ7R0/wTKb7q6DdwI4Yn/ULFE1wuRRCHybxpl2goQrx4c/yzK3I8OlgtBu4xvted0ug==

"@rollup/rollup-linux-arm64-musl@4.19.0":
  version "4.19.0"
  resolved "https://registry.yarnpkg.com/@rollup/rollup-linux-arm64-musl/-/rollup-linux-arm64-musl-4.19.0.tgz#6e63f7ad4cc51bd2c693a2826fd279de9eaa05b5"
  integrity sha512-GlIQRj9px52ISomIOEUq/IojLZqzkvRpdP3cLgIE1wUWaiU5Takwlzpz002q0Nxxr1y2ZgxC2obWxjr13lvxNQ==

"@rollup/rollup-linux-powerpc64le-gnu@4.19.0":
  version "4.19.0"
  resolved "https://registry.yarnpkg.com/@rollup/rollup-linux-powerpc64le-gnu/-/rollup-linux-powerpc64le-gnu-4.19.0.tgz#1540b284d91c440bc9fa7a1714cfb71a5597e94d"
  integrity sha512-N6cFJzssruDLUOKfEKeovCKiHcdwVYOT1Hs6dovDQ61+Y9n3Ek4zXvtghPPelt6U0AH4aDGnDLb83uiJMkWYzQ==

"@rollup/rollup-linux-riscv64-gnu@4.19.0":
  version "4.19.0"
  resolved "https://registry.yarnpkg.com/@rollup/rollup-linux-riscv64-gnu/-/rollup-linux-riscv64-gnu-4.19.0.tgz#70ae58103b5bc7ba2e2235738b51d97022c8ef92"
  integrity sha512-2DnD3mkS2uuam/alF+I7M84koGwvn3ZVD7uG+LEWpyzo/bq8+kKnus2EVCkcvh6PlNB8QPNFOz6fWd5N8o1CYg==

"@rollup/rollup-linux-s390x-gnu@4.19.0":
  version "4.19.0"
  resolved "https://registry.yarnpkg.com/@rollup/rollup-linux-s390x-gnu/-/rollup-linux-s390x-gnu-4.19.0.tgz#579ca5f271421a961d3c73d221202c79e02ff03a"
  integrity sha512-D6pkaF7OpE7lzlTOFCB2m3Ngzu2ykw40Nka9WmKGUOTS3xcIieHe82slQlNq69sVB04ch73thKYIWz/Ian8DUA==

"@rollup/rollup-linux-x64-gnu@4.19.0":
  version "4.19.0"
  resolved "https://registry.yarnpkg.com/@rollup/rollup-linux-x64-gnu/-/rollup-linux-x64-gnu-4.19.0.tgz#f0282d761b8b4e7b92b236813475248e37231849"
  integrity sha512-HBndjQLP8OsdJNSxpNIN0einbDmRFg9+UQeZV1eiYupIRuZsDEoeGU43NQsS34Pp166DtwQOnpcbV/zQxM+rWA==

"@rollup/rollup-linux-x64-musl@4.19.0":
  version "4.19.0"
  resolved "https://registry.yarnpkg.com/@rollup/rollup-linux-x64-musl/-/rollup-linux-x64-musl-4.19.0.tgz#65da807ac66c505ad14b76f1e5976006cb67dd5f"
  integrity sha512-HxfbvfCKJe/RMYJJn0a12eiOI9OOtAUF4G6ozrFUK95BNyoJaSiBjIOHjZskTUffUrB84IPKkFG9H9nEvJGW6A==

"@rollup/rollup-win32-arm64-msvc@4.19.0":
  version "4.19.0"
  resolved "https://registry.yarnpkg.com/@rollup/rollup-win32-arm64-msvc/-/rollup-win32-arm64-msvc-4.19.0.tgz#1eed24b91f421c2eea8bb7ca8889ba0c867e1780"
  integrity sha512-HxDMKIhmcguGTiP5TsLNolwBUK3nGGUEoV/BO9ldUBoMLBssvh4J0X8pf11i1fTV7WShWItB1bKAKjX4RQeYmg==

"@rollup/rollup-win32-ia32-msvc@4.19.0":
  version "4.19.0"
  resolved "https://registry.yarnpkg.com/@rollup/rollup-win32-ia32-msvc/-/rollup-win32-ia32-msvc-4.19.0.tgz#1ed93c9cdc84e185359797a686f4d1576afcea58"
  integrity sha512-xItlIAZZaiG/u0wooGzRsx11rokP4qyc/79LkAOdznGRAbOFc+SfEdfUOszG1odsHNgwippUJavag/+W/Etc6Q==

"@rollup/rollup-win32-x64-msvc@4.19.0":
  version "4.19.0"
  resolved "https://registry.yarnpkg.com/@rollup/rollup-win32-x64-msvc/-/rollup-win32-x64-msvc-4.19.0.tgz#baf9b65023ea2ecc5e6ec68f787a0fecfd8ee84c"
  integrity sha512-xNo5fV5ycvCCKqiZcpB65VMR11NJB+StnxHz20jdqRAktfdfzhgjTiJ2doTDQE/7dqGaV5I7ZGqKpgph6lCIag==

"@types/estree@1.0.5", "@types/estree@^1.0.0":
  version "1.0.5"
  resolved "https://registry.yarnpkg.com/@types/estree/-/estree-1.0.5.tgz#a6ce3e556e00fd9895dd872dd172ad0d4bd687f4"
  integrity sha512-/kYRxGDLWzHOB7q+wtSUQlFrtcdUccpfy+X+9iMBpHK8QLLhx2wIPYuS5DYtR9Wa/YlZAbIovy7qVdB1Aq6Lyw==

acorn@^8.8.2:
  version "8.12.1"
  resolved "https://registry.yarnpkg.com/acorn/-/acorn-8.12.1.tgz#71616bdccbe25e27a54439e0046e89ca76df2248"
  integrity sha512-tcpGyI9zbizT9JbV6oYE477V6mTlXvvi0T0G3SNIYE2apm/G5huBa1+K89VGeovbg+jycCrfhl3ADxErOuO6Jg==

buffer-from@^1.0.0:
  version "1.1.2"
  resolved "https://registry.yarnpkg.com/buffer-from/-/buffer-from-1.1.2.tgz#2b146a6fd72e80b4f55d255f35ed59a3a9a41bd5"
  integrity sha512-E+XQCRwSbaaiChtv6k6Dwgc+bx+Bs6vuKJHHl5kox/BaKbhiXzqQOwK4cO22yElGp2OCmjwVhT3HmxgyPGnJfQ==

commander@^2.20.0:
  version "2.20.3"
  resolved "https://registry.yarnpkg.com/commander/-/commander-2.20.3.tgz#fd485e84c03eb4881c20722ba48035e8531aeb33"
  integrity sha512-GpVkmM8vF2vQUkj2LvZmD35JxeJOLCwJ9cUkugyk2nuhbv3+mJvpLYYt+0+USMxE+oj+ey/lJEnhZw75x/OMcQ==

estree-walker@^2.0.2:
  version "2.0.2"
  resolved "https://registry.yarnpkg.com/estree-walker/-/estree-walker-2.0.2.tgz#52f010178c2a4c117a7757cfe942adb7d2da4cac"
  integrity sha512-Rfkk/Mp/DL7JVje3u18FxFujQlTNR2q6QfMSMB7AvCBx91NGj/ba3kCfza0f6dVDbw7YlRf/nDrn7pQrCCyQ/w==

fsevents@~2.3.2:
  version "2.3.3"
  resolved "https://registry.yarnpkg.com/fsevents/-/fsevents-2.3.3.tgz#cac6407785d03675a2a5e1a5305c697b347d90d6"
  integrity sha512-5xoDfX+fL7faATnagmWPpbFtwh/R77WmMMqqHGS65C3vvB0YHrgF+B1YmZ3441tMj5n63k0212XNoJwzlhffQw==

function-bind@^1.1.2:
  version "1.1.2"
  resolved "https://registry.yarnpkg.com/function-bind/-/function-bind-1.1.2.tgz#2c02d864d97f3ea6c8830c464cbd11ab6eab7a1c"
  integrity sha512-7XHNxH7qX9xG5mIwxkhumTox/MIRNcOgDrxWsMt2pAr23WHp6MrRlN7FBSFpCpr+oVO0F744iUgR82nJMfG2SA==

hasown@^2.0.2:
  version "2.0.2"
  resolved "https://registry.yarnpkg.com/hasown/-/hasown-2.0.2.tgz#003eaf91be7adc372e84ec59dc37252cedb80003"
  integrity sha512-0hJU9SCPvmMzIBdZFqNPXWa6dqh7WdH0cII9y+CyS8rG3nL48Bclra9HmKhVVUHyPWNH5Y7xDwAB7bfgSjkUMQ==
  dependencies:
    function-bind "^1.1.2"

is-core-module@^2.13.0:
  version "2.15.0"
  resolved "https://registry.yarnpkg.com/is-core-module/-/is-core-module-2.15.0.tgz#71c72ec5442ace7e76b306e9d48db361f22699ea"
  integrity sha512-Dd+Lb2/zvk9SKy1TGCt1wFJFo/MWBPMX5x7KcvLajWTGuomczdQX61PvY5yK6SVACwpoexWo81IfFyoKY2QnTA==
  dependencies:
    hasown "^2.0.2"

path-parse@^1.0.7:
  version "1.0.7"
  resolved "https://registry.yarnpkg.com/path-parse/-/path-parse-1.0.7.tgz#fbc114b60ca42b30d9daf5858e4bd68bbedb6735"
  integrity sha512-LDJzPVEEEPR+y48z93A0Ed0yXb8pAByGWo/k5YYdYgpY2/2EsOsksJrq7lOHxryrVOn1ejG6oAp8ahvOIQD8sw==

picomatch@^2.3.1:
  version "2.3.1"
  resolved "https://registry.yarnpkg.com/picomatch/-/picomatch-2.3.1.tgz#3ba3833733646d9d3e4995946c1365a67fb07a42"
  integrity sha512-JU3teHTNjmE2VCGFzuY8EXzCDVwEqB2a8fsIvwaStHhAWJEeVd1o1QD80CU6+ZdEXXSLbSsuLwJjkCBWqRQUVA==

randombytes@^2.1.0:
  version "2.1.0"
  resolved "https://registry.yarnpkg.com/randombytes/-/randombytes-2.1.0.tgz#df6f84372f0270dc65cdf6291349ab7a473d4f2a"
  integrity sha512-vYl3iOX+4CKUWuxGi9Ukhie6fsqXqS9FE2Zaic4tNFD2N2QQaXOMFbuKK4QmDHC0JO6B1Zp41J0LpT0oR68amQ==
  dependencies:
    safe-buffer "^5.1.0"

resolve@^1.22.1:
  version "1.22.8"
  resolved "https://registry.yarnpkg.com/resolve/-/resolve-1.22.8.tgz#b6c87a9f2aa06dfab52e3d70ac8cde321fa5a48d"
  integrity sha512-oKWePCxqpd6FlLvGV1VU0x7bkPmmCNolxzjMf4NczoDnQcIWrAF+cPtZn5i6n+RfD2d9i0tzpKnG6Yk168yIyw==
  dependencies:
    is-core-module "^2.13.0"
    path-parse "^1.0.7"
    supports-preserve-symlinks-flag "^1.0.0"

rollup@^4.19.0:
  version "4.19.0"
  resolved "https://registry.yarnpkg.com/rollup/-/rollup-4.19.0.tgz#83b08cc0b2bc38c26c194cb7f2cdabd84a2a8c02"
  integrity sha512-5r7EYSQIowHsK4eTZ0Y81qpZuJz+MUuYeqmmYmRMl1nwhdmbiYqt5jwzf6u7wyOzJgYqtCRMtVRKOtHANBz7rA==
  dependencies:
    "@types/estree" "1.0.5"
  optionalDependencies:
    "@rollup/rollup-android-arm-eabi" "4.19.0"
    "@rollup/rollup-android-arm64" "4.19.0"
    "@rollup/rollup-darwin-arm64" "4.19.0"
    "@rollup/rollup-darwin-x64" "4.19.0"
    "@rollup/rollup-linux-arm-gnueabihf" "4.19.0"
    "@rollup/rollup-linux-arm-musleabihf" "4.19.0"
    "@rollup/rollup-linux-arm64-gnu" "4.19.0"
    "@rollup/rollup-linux-arm64-musl" "4.19.0"
    "@rollup/rollup-linux-powerpc64le-gnu" "4.19.0"
    "@rollup/rollup-linux-riscv64-gnu" "4.19.0"
    "@rollup/rollup-linux-s390x-gnu" "4.19.0"
    "@rollup/rollup-linux-x64-gnu" "4.19.0"
    "@rollup/rollup-linux-x64-musl" "4.19.0"
    "@rollup/rollup-win32-arm64-msvc" "4.19.0"
    "@rollup/rollup-win32-ia32-msvc" "4.19.0"
    "@rollup/rollup-win32-x64-msvc" "4.19.0"
    fsevents "~2.3.2"

safe-buffer@^5.1.0:
  version "5.2.1"
  resolved "https://registry.yarnpkg.com/safe-buffer/-/safe-buffer-5.2.1.tgz#1eaf9fa9bdb1fdd4ec75f58f9cdb4e6b7827eec6"
  integrity sha512-rp3So07KcdmmKbGvgaNxQSJr7bGVSVk5S9Eq1F+ppbRo70+YeaDxkw5Dd8NPN+GD6bjnYm2VuPuCXmpuYvmCXQ==

serialize-javascript@^6.0.1:
  version "6.0.2"
  resolved "https://registry.yarnpkg.com/serialize-javascript/-/serialize-javascript-6.0.2.tgz#defa1e055c83bf6d59ea805d8da862254eb6a6c2"
  integrity sha512-Saa1xPByTTq2gdeFZYLLo+RFE35NHZkAbqZeWNd3BpzppeVisAqpDjcp8dyf6uIvEqJRd46jemmyA4iFIeVk8g==
  dependencies:
    randombytes "^2.1.0"

smob@^1.0.0:
  version "1.5.0"
  resolved "https://registry.yarnpkg.com/smob/-/smob-1.5.0.tgz#85d79a1403abf128d24d3ebc1cdc5e1a9548d3ab"
  integrity sha512-g6T+p7QO8npa+/hNx9ohv1E5pVCmWrVCUzUXJyLdMmftX6ER0oiWY/w9knEonLpnOp6b6FenKnMfR8gqwWdwig==

source-map-support@~0.5.20:
  version "0.5.21"
  resolved "https://registry.yarnpkg.com/source-map-support/-/source-map-support-0.5.21.tgz#04fe7c7f9e1ed2d662233c28cb2b35b9f63f6e4f"
  integrity sha512-uBHU3L3czsIyYXKX88fdrGovxdSCoTGDRZ6SYXtSRxLZUzHg5P/66Ht6uoUlHu9EZod+inXhKo3qQgwXUT/y1w==
  dependencies:
    buffer-from "^1.0.0"
    source-map "^0.6.0"

source-map@^0.6.0:
  version "0.6.1"
  resolved "https://registry.yarnpkg.com/source-map/-/source-map-0.6.1.tgz#74722af32e9614e9c287a8d0bbde48b5e2f1a263"
  integrity sha512-UjgapumWlbMhkBgzT7Ykc5YXUT46F0iKu8SGXq0bcwP5dz/h0Plj6enJqjz1Zbq2l5WaqYnrVbwWOWMyF3F47g==

supports-preserve-symlinks-flag@^1.0.0:
  version "1.0.0"
  resolved "https://registry.yarnpkg.com/supports-preserve-symlinks-flag/-/supports-preserve-symlinks-flag-1.0.0.tgz#6eda4bd344a3c94aea376d4cc31bc77311039e09"
  integrity sha512-ot0WnXS9fgdkgIcePe6RHNk1WA8+muPa6cSjeR3V8K27q9BB1rTE3R1p7Hv0z1ZyAc8s6Vvv8DIyWf681MAt0w==

terser@^5.17.4:
  version "5.31.3"
  resolved "https://registry.yarnpkg.com/terser/-/terser-5.31.3.tgz#b24b7beb46062f4653f049eea4f0cd165d0f0c38"
  integrity sha512-pAfYn3NIZLyZpa83ZKigvj6Rn9c/vd5KfYGX7cN1mnzqgDcxWvrU5ZtAfIKhEXz9nRecw4z3LXkjaq96/qZqAA==
  dependencies:
    "@jridgewell/source-map" "^0.3.3"
    acorn "^8.8.2"
    commander "^2.20.0"
    source-map-support "~0.5.20"

tslib@^2.6.3:
  version "2.6.3"
  resolved "https://registry.yarnpkg.com/tslib/-/tslib-2.6.3.tgz#0438f810ad7a9edcde7a241c3d80db693c8cbfe0"
  integrity sha512-xNvxJEOUiWPGhUuUdQgAJPKOOJfGnIyKySOc09XkKsgdUV/3E2zvwZYdejjmRgPCgcym1juLH3226yA7sEFJKQ==

typescript@^5.5.4:
  version "5.5.4"
  resolved "https://registry.yarnpkg.com/typescript/-/typescript-5.5.4.tgz#d9852d6c82bad2d2eda4fd74a5762a8f5909e9ba"
  integrity sha512-Mtq29sKDAEYP7aljRgtPOpTvOfbwRWlS6dPRzwjdE+C0R4brX/GUyhHSecbHMFLNBLcJIPt9nl9yG5TZ1weH+Q==
